// !$*UTF8*$!
{
	archiveVersion = 1;
	classes = {
	};
	objectVersion = 50;
	objects = {

/* Begin PBXBuildFile section */
		5A67639E22AD2F8B00D3603F /* AppDelegate.swift in Sources */ = {isa = PBXBuildFile; fileRef = 5A67639D22AD2F8B00D3603F /* AppDelegate.swift */; };
		5A6763A022AD2F8B00D3603F /* ViewController.swift in Sources */ = {isa = PBXBuildFile; fileRef = 5A67639F22AD2F8B00D3603F /* ViewController.swift */; };
		5A6763A322AD2F8B00D3603F /* Main.storyboard in Resources */ = {isa = PBXBuildFile; fileRef = 5A6763A122AD2F8B00D3603F /* Main.storyboard */; };
		5A6763A522AD2F8C00D3603F /* Assets.xcassets in Resources */ = {isa = PBXBuildFile; fileRef = 5A6763A422AD2F8C00D3603F /* Assets.xcassets */; };
		5A6763A822AD2F8C00D3603F /* LaunchScreen.storyboard in Resources */ = {isa = PBXBuildFile; fileRef = 5A6763A622AD2F8C00D3603F /* LaunchScreen.storyboard */; };
		5A6763B022AD6AF500D3603F /* Ledger.swift in Sources */ = {isa = PBXBuildFile; fileRef = 5A6763AF22AD6AF500D3603F /* Ledger.swift */; };
		5A6763B222AD710600D3603F /* PageViewController.swift in Sources */ = {isa = PBXBuildFile; fileRef = 5A6763B122AD710600D3603F /* PageViewController.swift */; };
/* End PBXBuildFile section */

/* Begin PBXFileReference section */
		5A67639A22AD2F8B00D3603F /* MoneyMaker.app */ = {isa = PBXFileReference; explicitFileType = wrapper.application; includeInIndex = 0; path = MoneyMaker.app; sourceTree = BUILT_PRODUCTS_DIR; };
		5A67639D22AD2F8B00D3603F /* AppDelegate.swift */ = {isa = PBXFileReference; lastKnownFileType = sourcecode.swift; path = AppDelegate.swift; sourceTree = "<group>"; };
		5A67639F22AD2F8B00D3603F /* ViewController.swift */ = {isa = PBXFileReference; lastKnownFileType = sourcecode.swift; path = ViewController.swift; sourceTree = "<group>"; };
		5A6763A222AD2F8B00D3603F /* Base */ = {isa = PBXFileReference; lastKnownFileType = file.storyboard; name = Base; path = Base.lproj/Main.storyboard; sourceTree = "<group>"; };
		5A6763A422AD2F8C00D3603F /* Assets.xcassets */ = {isa = PBXFileReference; lastKnownFileType = folder.assetcatalog; path = Assets.xcassets; sourceTree = "<group>"; };
		5A6763A722AD2F8C00D3603F /* Base */ = {isa = PBXFileReference; lastKnownFileType = file.storyboard; name = Base; path = Base.lproj/LaunchScreen.storyboard; sourceTree = "<group>"; };
		5A6763A922AD2F8C00D3603F /* Info.plist */ = {isa = PBXFileReference; lastKnownFileType = text.plist.xml; path = Info.plist; sourceTree = "<group>"; };
		5A6763AF22AD6AF500D3603F /* Ledger.swift */ = {isa = PBXFileReference; lastKnownFileType = sourcecode.swift; path = Ledger.swift; sourceTree = "<group>"; };
		5A6763B122AD710600D3603F /* PageViewController.swift */ = {isa = PBXFileReference; lastKnownFileType = sourcecode.swift; path = PageViewController.swift; sourceTree = "<group>"; };
/* End PBXFileReference section */

/* Begin PBXFrameworksBuildPhase section */
		5A67639722AD2F8B00D3603F /* Frameworks */ = {
			isa = PBXFrameworksBuildPhase;
			buildActionMask = 2147483647;
			files = (
			);
			runOnlyForDeploymentPostprocessing = 0;
		};
/* End PBXFrameworksBuildPhase section */

/* Begin PBXGroup section */
		5A67639122AD2F8B00D3603F = {
			isa = PBXGroup;
			children = (
				5A67639C22AD2F8B00D3603F /* MoneyMaker */,
				5A67639B22AD2F8B00D3603F /* Products */,
			);
			sourceTree = "<group>";
		};
		5A67639B22AD2F8B00D3603F /* Products */ = {
			isa = PBXGroup;
			children = (
				5A67639A22AD2F8B00D3603F /* MoneyMaker.app */,
			);
			name = Products;
			sourceTree = "<group>";
		};
		5A67639C22AD2F8B00D3603F /* MoneyMaker */ = {
			isa = PBXGroup;
			children = (
				5A67639D22AD2F8B00D3603F /* AppDelegate.swift */,
				5A67639F22AD2F8B00D3603F /* ViewController.swift */,
				5A6763AF22AD6AF500D3603F /* Ledger.swift */,
				5A6763B122AD710600D3603F /* PageViewController.swift */,
				5A6763A122AD2F8B00D3603F /* Main.storyboard */,
				5A6763A422AD2F8C00D3603F /* Assets.xcassets */,
				5A6763A622AD2F8C00D3603F /* LaunchScreen.storyboard */,
				5A6763A922AD2F8C00D3603F /* Info.plist */,
			);
			path = MoneyMaker;
			sourceTree = "<group>";
		};
/* End PBXGroup section */

/* Begin PBXNativeTarget section */
		5A67639922AD2F8B00D3603F /* MoneyMaker */ = {
			isa = PBXNativeTarget;
			buildConfigurationList = 5A6763AC22AD2F8C00D3603F /* Build configuration list for PBXNativeTarget "MoneyMaker" */;
			buildPhases = (
				5A67639622AD2F8B00D3603F /* Sources */,
				5A67639722AD2F8B00D3603F /* Frameworks */,
				5A67639822AD2F8B00D3603F /* Resources */,
			);
			buildRules = (
			);
			dependencies = (
			);
			name = MoneyMaker;
			productName = MoneyMaker;
			productReference = 5A67639A22AD2F8B00D3603F /* MoneyMaker.app */;
			productType = "com.apple.product-type.application";
		};
/* End PBXNativeTarget section */

/* Begin PBXProject section */
		5A67639222AD2F8B00D3603F /* Project object */ = {
			isa = PBXProject;
			attributes = {
				LastSwiftUpdateCheck = 1020;
				LastUpgradeCheck = 1020;
				ORGANIZATIONNAME = "Derek Joslin";
				TargetAttributes = {
					5A67639922AD2F8B00D3603F = {
						CreatedOnToolsVersion = 10.2.1;
					};
				};
			};
			buildConfigurationList = 5A67639522AD2F8B00D3603F /* Build configuration list for PBXProject "MoneyMaker" */;
			compatibilityVersion = "Xcode 9.3";
			developmentRegion = en;
			hasScannedForEncodings = 0;
			knownRegions = (
				en,
				Base,
			);
			mainGroup = 5A67639122AD2F8B00D3603F;
			productRefGroup = 5A67639B22AD2F8B00D3603F /* Products */;
			projectDirPath = "";
			projectRoot = "";
			targets = (
				5A67639922AD2F8B00D3603F /* MoneyMaker */,
			);
		};
/* End PBXProject section */

/* Begin PBXResourcesBuildPhase section */
		5A67639822AD2F8B00D3603F /* Resources */ = {
			isa = PBXResourcesBuildPhase;
			buildActionMask = 2147483647;
			files = (
				5A6763A822AD2F8C00D3603F /* LaunchScreen.storyboard in Resources */,
				5A6763A522AD2F8C00D3603F /* Assets.xcassets in Resources */,
				5A6763A322AD2F8B00D3603F /* Main.storyboard in Resources */,
			);
			runOnlyForDeploymentPostprocessing = 0;
		};
/* End PBXResourcesBuildPhase section */

/* Begin PBXSourcesBuildPhase section */
		5A67639622AD2F8B00D3603F /* Sources */ = {
			isa = PBXSourcesBuildPhase;
			buildActionMask = 2147483647;
			files = (
				5A6763A022AD2F8B00D3603F /* ViewController.swift in Sources */,
				5A67639E22AD2F8B00D3603F /* AppDelegate.swift in Sources */,
				5A6763B022AD6AF500D3603F /* Ledger.swift in Sources */,
				5A6763B222AD710600D3603F /* PageViewController.swift in Sources */,
			);
			runOnlyForDeploymentPostprocessing = 0;
		};
/* End PBXSourcesBuildPhase section */

/* Begin PBXVariantGroup section */
		5A6763A122AD2F8B00D3603F /* Main.storyboard */ = {
			isa = PBXVariantGroup;
			children = (
				5A6763A222AD2F8B00D3603F /* Base */,
			);
			name = Main.storyboard;
			sourceTree = "<group>";
		};
		5A6763A622AD2F8C00D3603F /* LaunchScreen.storyboard */ = {
			isa = PBXVariantGroup;
			children = (
				5A6763A722AD2F8C00D3603F /* Base */,
			);
			name = LaunchScreen.storyboard;
			sourceTree = "<group>";
		};
/* End PBXVariantGroup section */

/* Begin XCBuildConfiguration section */
		5A6763AA22AD2F8C00D3603F /* Debug */ = {
			isa = XCBuildConfiguration;
			buildSettings = {
				ALWAYS_SEARCH_USER_PATHS = NO;
				CLANG_ANALYZER_NONNULL = YES;
				CLANG_ANALYZER_NUMBER_OBJECT_CONVERSION = YES_AGGRESSIVE;
				CLANG_CXX_LANGUAGE_STANDARD = "gnu++14";
				CLANG_CXX_LIBRARY = "libc++";
				CLANG_ENABLE_MODULES = YES;
				CLANG_ENABLE_OBJC_ARC = YES;
				CLANG_ENABLE_OBJC_WEAK = YES;
				CLANG_WARN_BLOCK_CAPTURE_AUTORELEASING = YES;
				CLANG_WARN_BOOL_CONVERSION = YES;
				CLANG_WARN_COMMA = YES;
				CLANG_WARN_CONSTANT_CONVERSION = YES;
				CLANG_WARN_DEPRECATED_OBJC_IMPLEMENTATIONS = YES;
				CLANG_WARN_DIRECT_OBJC_ISA_USAGE = YES_ERROR;
				CLANG_WARN_DOCUMENTATION_COMMENTS = YES;
				CLANG_WARN_EMPTY_BODY = YES;
				CLANG_WARN_ENUM_CONVERSION = YES;
				CLANG_WARN_INFINITE_RECURSION = YES;
				CLANG_WARN_INT_CONVERSION = YES;
				CLANG_WARN_NON_LITERAL_NULL_CONVERSION = YES;
				CLANG_WARN_OBJC_IMPLICIT_RETAIN_SELF = YES;
				CLANG_WARN_OBJC_LITERAL_CONVERSION = YES;
				CLANG_WARN_OBJC_ROOT_CLASS = YES_ERROR;
				CLANG_WARN_RANGE_LOOP_ANALYSIS = YES;
				CLANG_WARN_STRICT_PROTOTYPES = YES;
				CLANG_WARN_SUSPICIOUS_MOVE = YES;
				CLANG_WARN_UNGUARDED_AVAILABILITY = YES_AGGRESSIVE;
				CLANG_WARN_UNREACHABLE_CODE = YES;
				CLANG_WARN__DUPLICATE_METHOD_MATCH = YES;
				CODE_SIGN_IDENTITY = "iPhone Developer";
				COPY_PHASE_STRIP = NO;
				DEBUG_INFORMATION_FORMAT = dwarf;
				ENABLE_STRICT_OBJC_MSGSEND = YES;
				ENABLE_TESTABILITY = YES;
				GCC_C_LANGUAGE_STANDARD = gnu11;
				GCC_DYNAMIC_NO_PIC = NO;
				GCC_NO_COMMON_BLOCKS = YES;
				GCC_OPTIMIZATION_LEVEL = 0;
				GCC_PREPROCESSOR_DEFINITIONS = (
					"DEBUG=1",
					"$(inherited)",
				);
				GCC_WARN_64_TO_32_BIT_CONVERSION = YES;
				GCC_WARN_ABOUT_RETURN_TYPE = YES_ERROR;
				GCC_WARN_UNDECLARED_SELECTOR = YES;
				GCC_WARN_UNINITIALIZED_AUTOS = YES_AGGRESSIVE;
				GCC_WARN_UNUSED_FUNCTION = YES;
				GCC_WARN_UNUSED_VARIABLE = YES;
				IPHONEOS_DEPLOYMENT_TARGET = 12.2;
				MTL_ENABLE_DEBUG_INFO = INCLUDE_SOURCE;
				MTL_FAST_MATH = YES;
				ONLY_ACTIVE_ARCH = YES;
				SDKROOT = iphoneos;
				SWIFT_ACTIVE_COMPILATION_CONDITIONS = DEBUG;
				SWIFT_OPTIMIZATION_LEVEL = "-Onone";
			};
			name = Debug;
		};
		5A6763AB22AD2F8C00D3603F /* Release */ = {
			isa = XCBuildConfiguration;
			buildSettings = {
				ALWAYS_SEARCH_USER_PATHS = NO;
				CLANG_ANALYZER_NONNULL = YES;
				CLANG_ANALYZER_NUMBER_OBJECT_CONVERSION = YES_AGGRESSIVE;
				CLANG_CXX_LANGUAGE_STANDARD = "gnu++14";
				CLANG_CXX_LIBRARY = "libc++";
				CLANG_ENABLE_MODULES = YES;
				CLANG_ENABLE_OBJC_ARC = YES;
				CLANG_ENABLE_OBJC_WEAK = YES;
				CLANG_WARN_BLOCK_CAPTURE_AUTORELEASING = YES;
				CLANG_WARN_BOOL_CONVERSION = YES;
				CLANG_WARN_COMMA = YES;
				CLANG_WARN_CONSTANT_CONVERSION = YES;
				CLANG_WARN_DEPRECATED_OBJC_IMPLEMENTATIONS = YES;
				CLANG_WARN_DIRECT_OBJC_ISA_USAGE = YES_ERROR;
				CLANG_WARN_DOCUMENTATION_COMMENTS = YES;
				CLANG_WARN_EMPTY_BODY = YES;
				CLANG_WARN_ENUM_CONVERSION = YES;
				CLANG_WARN_INFINITE_RECURSION = YES;
				CLANG_WARN_INT_CONVERSION = YES;
				CLANG_WARN_NON_LITERAL_NULL_CONVERSION = YES;
				CLANG_WARN_OBJC_IMPLICIT_RETAIN_SELF = YES;
				CLANG_WARN_OBJC_LITERAL_CONVERSION = YES;
				CLANG_WARN_OBJC_ROOT_CLASS = YES_ERROR;
				CLANG_WARN_RANGE_LOOP_ANALYSIS = YES;
				CLANG_WARN_STRICT_PROTOTYPES = YES;
				CLANG_WARN_SUSPICIOUS_MOVE = YES;
				CLANG_WARN_UNGUARDED_AVAILABILITY = YES_AGGRESSIVE;
				CLANG_WARN_UNREACHABLE_CODE = YES;
				CLANG_WARN__DUPLICATE_METHOD_MATCH = YES;
				CODE_SIGN_IDENTITY = "iPhone Developer";
				COPY_PHASE_STRIP = NO;
				DEBUG_INFORMATION_FORMAT = "dwarf-with-dsym";
				ENABLE_NS_ASSERTIONS = NO;
				ENABLE_STRICT_OBJC_MSGSEND = YES;
				GCC_C_LANGUAGE_STANDARD = gnu11;
				GCC_NO_COMMON_BLOCKS = YES;
				GCC_WARN_64_TO_32_BIT_CONVERSION = YES;
				GCC_WARN_ABOUT_RETURN_TYPE = YES_ERROR;
				GCC_WARN_UNDECLARED_SELECTOR = YES;
				GCC_WARN_UNINITIALIZED_AUTOS = YES_AGGRESSIVE;
				GCC_WARN_UNUSED_FUNCTION = YES;
				GCC_WARN_UNUSED_VARIABLE = YES;
				IPHONEOS_DEPLOYMENT_TARGET = 12.2;
				MTL_ENABLE_DEBUG_INFO = NO;
				MTL_FAST_MATH = YES;
				SDKROOT = iphoneos;
				SWIFT_COMPILATION_MODE = wholemodule;
				SWIFT_OPTIMIZATION_LEVEL = "-O";
				VALIDATE_PRODUCT = YES;
			};
			name = Release;
		};
		5A6763AD22AD2F8C00D3603F /* Debug */ = {
			isa = XCBuildConfiguration;
			buildSettings = {
				ASSETCATALOG_COMPILER_APPICON_NAME = AppIcon;
				CODE_SIGN_STYLE = Automatic;
				DEVELOPMENT_TEAM = 7FV26FL2DR;
				INFOPLIST_FILE = MoneyMaker/Info.plist;
				LD_RUNPATH_SEARCH_PATHS = (
					"$(inherited)",
					"@executable_path/Frameworks",
				);
				PRODUCT_BUNDLE_IDENTIFIER = "Derek-Joslin.MoneyMaker";
				PRODUCT_NAME = "$(TARGET_NAME)";
				SWIFT_VERSION = 5.0;
				TARGETED_DEVICE_FAMILY = "1,2";
			};
			name = Debug;
		};
		5A6763AE22AD2F8C00D3603F /* Release */ = {
			isa = XCBuildConfiguration;
			buildSettings = {
				ASSETCATALOG_COMPILER_APPICON_NAME = AppIcon;
				CODE_SIGN_STYLE = Automatic;
				DEVELOPMENT_TEAM = 7FV26FL2DR;
				INFOPLIST_FILE = MoneyMaker/Info.plist;
				LD_RUNPATH_SEARCH_PATHS = (
					"$(inherited)",
					"@executable_path/Frameworks",
				);
				PRODUCT_BUNDLE_IDENTIFIER = "Derek-Joslin.MoneyMaker";
				PRODUCT_NAME = "$(TARGET_NAME)";
				SWIFT_VERSION = 5.0;
				TARGETED_DEVICE_FAMILY = "1,2";
			};
			name = Release;
		};
/* End XCBuildConfiguration section */

/* Begin XCConfigurationList section */
		5A67639522AD2F8B00D3603F /* Build configuration list for PBXProject "MoneyMaker" */ = {
			isa = XCConfigurationList;
			buildConfigurations = (
				5A6763AA22AD2F8C00D3603F /* Debug */,
				5A6763AB22AD2F8C00D3603F /* Release */,
			);
			defaultConfigurationIsVisible = 0;
			defaultConfigurationName = Release;
		};
		5A6763AC22AD2F8C00D3603F /* Build configuration list for PBXNativeTarget "MoneyMaker" */ = {
			isa = XCConfigurationList;
			buildConfigurations = (
				5A6763AD22AD2F8C00D3603F /* Debug */,
				5A6763AE22AD2F8C00D3603F /* Release */,
			);
			defaultConfigurationIsVisible = 0;
			defaultConfigurationName = Release;
		};
/* End XCConfigurationList section */
	};
	rootObject = 5A67639222AD2F8B00D3603F /* Project object */;
}
